
Microsoft Visual Studio Solution File, Format Version 12.00
# Visual Studio Version 17
VisualStudioVersion = 17.0.31903.59
MinimumVisualStudioVersion = 10.0.40219.1
Project("{2150E333-8FDC-42A3-9474-1A3956D46DE8}") = "backend", "backend", "{7814259D-5893-4E27-8D7C-455017D48E2D}"
EndProject
Project("{FAE04EC0-301F-11D3-BF4B-00C04F79EFBC}") = "Mission11_Beales.API", "backend\Mission11_Beales.API\Mission11_Beales.API.csproj", "{D8F33C1F-3A58-4CED-9BF5-54D442765A51}"
EndProject
Global
	GlobalSection(SolutionConfigurationPlatforms) = preSolution
		Debug|Any CPU = Debug|Any CPU
		Release|Any CPU = Release|Any CPU
	EndGlobalSection
	GlobalSection(SolutionProperties) = preSolution
		HideSolutionNode = FALSE
	EndGlobalSection
	GlobalSection(ProjectConfigurationPlatforms) = postSolution
		{D8F33C1F-3A58-4CED-9BF5-54D442765A51}.Debug|Any CPU.ActiveCfg = Debug|Any CPU
		{D8F33C1F-3A58-4CED-9BF5-54D442765A51}.Debug|Any CPU.Build.0 = Debug|Any CPU
		{D8F33C1F-3A58-4CED-9BF5-54D442765A51}.Release|Any CPU.ActiveCfg = Release|Any CPU
		{D8F33C1F-3A58-4CED-9BF5-54D442765A51}.Release|Any CPU.Build.0 = Release|Any CPU
	EndGlobalSection
	GlobalSection(NestedProjects) = preSolution
		{D8F33C1F-3A58-4CED-9BF5-54D442765A51} = {7814259D-5893-4E27-8D7C-455017D48E2D}
	EndGlobalSection
EndGlobal
